// !$*UTF8*$!
{
	archiveVersion = 1;
	classes = {
	};
	objectVersion = 56;
	objects = {

/* Begin PBXBuildFile section */
		2D770ACB29B7DF700017EE53 /* User.swift in Sources */ = {isa = PBXBuildFile; fileRef = 2D770ACA29B7DF700017EE53 /* User.swift */; };
		2D770ACD29B7DFE00017EE53 /* Recipe.swift in Sources */ = {isa = PBXBuildFile; fileRef = 2D770ACC29B7DFE00017EE53 /* Recipe.swift */; };
		2D770ACF29B7E1280017EE53 /* Ingredient.swift in Sources */ = {isa = PBXBuildFile; fileRef = 2D770ACE29B7E1280017EE53 /* Ingredient.swift */; };
		2D770AD129B7E1C20017EE53 /* Ingredient_detail.swift in Sources */ = {isa = PBXBuildFile; fileRef = 2D770AD029B7E1C20017EE53 /* Ingredient_detail.swift */; };
		2D770AD329B7E2D30017EE53 /* Favorite.swift in Sources */ = {isa = PBXBuildFile; fileRef = 2D770AD229B7E2D30017EE53 /* Favorite.swift */; };
		2D770AD929B7E6900017EE53 /* UserFactory.swift in Sources */ = {isa = PBXBuildFile; fileRef = 2D770AD829B7E6900017EE53 /* UserFactory.swift */; };
		2D770ADB29B7E8630017EE53 /* RecipeFactory.swift in Sources */ = {isa = PBXBuildFile; fileRef = 2D770ADA29B7E8630017EE53 /* RecipeFactory.swift */; };
		2D770ADD29B7E9340017EE53 /* IngredientFactory.swift in Sources */ = {isa = PBXBuildFile; fileRef = 2D770ADC29B7E9340017EE53 /* IngredientFactory.swift */; };
		2D770ADF29B7EBB70017EE53 /* Ingredient_detailFactory.swift in Sources */ = {isa = PBXBuildFile; fileRef = 2D770ADE29B7EBB70017EE53 /* Ingredient_detailFactory.swift */; };
		2D770AE129B7EBC60017EE53 /* FavoriteFactory.swift in Sources */ = {isa = PBXBuildFile; fileRef = 2D770AE029B7EBC60017EE53 /* FavoriteFactory.swift */; };
		2D88F11B29952C0000D5CA79 /* HomepageViewController.swift in Sources */ = {isa = PBXBuildFile; fileRef = 2D88F11929952C0000D5CA79 /* HomepageViewController.swift */; };
		2D88F11C29952C0000D5CA79 /* HomepageViewController.xib in Resources */ = {isa = PBXBuildFile; fileRef = 2D88F11A29952C0000D5CA79 /* HomepageViewController.xib */; };
		2D88F12129952D3C00D5CA79 /* TrainingViewController.swift in Sources */ = {isa = PBXBuildFile; fileRef = 2D88F11F29952D3C00D5CA79 /* TrainingViewController.swift */; };
		2D88F12229952D3C00D5CA79 /* TrainingViewController.xib in Resources */ = {isa = PBXBuildFile; fileRef = 2D88F12029952D3C00D5CA79 /* TrainingViewController.xib */; };
		2D88F1262995308800D5CA79 /* NutritionViewController.swift in Sources */ = {isa = PBXBuildFile; fileRef = 2D88F1242995308800D5CA79 /* NutritionViewController.swift */; };
		2D88F1272995308800D5CA79 /* NutritionViewController.xib in Resources */ = {isa = PBXBuildFile; fileRef = 2D88F1252995308800D5CA79 /* NutritionViewController.xib */; };
		2D88F12B299530A800D5CA79 /* FavoritesViewController.swift in Sources */ = {isa = PBXBuildFile; fileRef = 2D88F129299530A800D5CA79 /* FavoritesViewController.swift */; };
		2D88F12C299530A800D5CA79 /* FavoritesViewController.xib in Resources */ = {isa = PBXBuildFile; fileRef = 2D88F12A299530A800D5CA79 /* FavoritesViewController.xib */; };
		2D88F1302995329600D5CA79 /* Localizable.strings in Resources */ = {isa = PBXBuildFile; fileRef = 2D88F1322995329600D5CA79 /* Localizable.strings */; };
		2D88F13529953A5200D5CA79 /* Utils.swift in Sources */ = {isa = PBXBuildFile; fileRef = 2D88F13429953A5200D5CA79 /* Utils.swift */; };
		2DEB1062296F43A0008BE20D /* AppDelegate.swift in Sources */ = {isa = PBXBuildFile; fileRef = 2DEB1061296F43A0008BE20D /* AppDelegate.swift */; };
		2DEB106B296F43A0008BE20D /* Assets.xcassets in Resources */ = {isa = PBXBuildFile; fileRef = 2DEB106A296F43A0008BE20D /* Assets.xcassets */; };
		2DEB106E296F43A0008BE20D /* LaunchScreen.storyboard in Resources */ = {isa = PBXBuildFile; fileRef = 2DEB106C296F43A0008BE20D /* LaunchScreen.storyboard */; };
		2DEB1077296F4509008BE20D /* HomeViewController.swift in Sources */ = {isa = PBXBuildFile; fileRef = 2DEB1075296F4509008BE20D /* HomeViewController.swift */; };
		2DEB1078296F4509008BE20D /* HomeViewController.xib in Resources */ = {isa = PBXBuildFile; fileRef = 2DEB1076296F4509008BE20D /* HomeViewController.xib */; };
		D754E05F297C23B400E2EA58 /* SignUpViewController.swift in Sources */ = {isa = PBXBuildFile; fileRef = D754E05D297C23B400E2EA58 /* SignUpViewController.swift */; };
		D754E060297C23B400E2EA58 /* SignUpViewController.xib in Resources */ = {isa = PBXBuildFile; fileRef = D754E05E297C23B400E2EA58 /* SignUpViewController.xib */; };
		D7D6B74F297C2F2300133E97 /* SignInViewController.swift in Sources */ = {isa = PBXBuildFile; fileRef = D7D6B74D297C2F2300133E97 /* SignInViewController.swift */; };
		D7D6B750297C2F2300133E97 /* SignInViewController.xib in Resources */ = {isa = PBXBuildFile; fileRef = D7D6B74E297C2F2300133E97 /* SignInViewController.xib */; };
/* End PBXBuildFile section */

/* Begin PBXFileReference section */
		2D770ACA29B7DF700017EE53 /* User.swift */ = {isa = PBXFileReference; lastKnownFileType = sourcecode.swift; path = User.swift; sourceTree = "<group>"; };
		2D770ACC29B7DFE00017EE53 /* Recipe.swift */ = {isa = PBXFileReference; lastKnownFileType = sourcecode.swift; path = Recipe.swift; sourceTree = "<group>"; };
		2D770ACE29B7E1280017EE53 /* Ingredient.swift */ = {isa = PBXFileReference; lastKnownFileType = sourcecode.swift; path = Ingredient.swift; sourceTree = "<group>"; };
		2D770AD029B7E1C20017EE53 /* Ingredient_detail.swift */ = {isa = PBXFileReference; lastKnownFileType = sourcecode.swift; path = Ingredient_detail.swift; sourceTree = "<group>"; };
		2D770AD229B7E2D30017EE53 /* Favorite.swift */ = {isa = PBXFileReference; lastKnownFileType = sourcecode.swift; path = Favorite.swift; sourceTree = "<group>"; };
		2D770AD829B7E6900017EE53 /* UserFactory.swift */ = {isa = PBXFileReference; lastKnownFileType = sourcecode.swift; path = UserFactory.swift; sourceTree = "<group>"; };
		2D770ADA29B7E8630017EE53 /* RecipeFactory.swift */ = {isa = PBXFileReference; lastKnownFileType = sourcecode.swift; path = RecipeFactory.swift; sourceTree = "<group>"; };
		2D770ADC29B7E9340017EE53 /* IngredientFactory.swift */ = {isa = PBXFileReference; lastKnownFileType = sourcecode.swift; path = IngredientFactory.swift; sourceTree = "<group>"; };
		2D770ADE29B7EBB70017EE53 /* Ingredient_detailFactory.swift */ = {isa = PBXFileReference; lastKnownFileType = sourcecode.swift; path = Ingredient_detailFactory.swift; sourceTree = "<group>"; };
		2D770AE029B7EBC60017EE53 /* FavoriteFactory.swift */ = {isa = PBXFileReference; lastKnownFileType = sourcecode.swift; path = FavoriteFactory.swift; sourceTree = "<group>"; };
		2D88F11929952C0000D5CA79 /* HomepageViewController.swift */ = {isa = PBXFileReference; lastKnownFileType = sourcecode.swift; path = HomepageViewController.swift; sourceTree = "<group>"; };
		2D88F11A29952C0000D5CA79 /* HomepageViewController.xib */ = {isa = PBXFileReference; lastKnownFileType = file.xib; path = HomepageViewController.xib; sourceTree = "<group>"; };
		2D88F11F29952D3C00D5CA79 /* TrainingViewController.swift */ = {isa = PBXFileReference; lastKnownFileType = sourcecode.swift; path = TrainingViewController.swift; sourceTree = "<group>"; };
		2D88F12029952D3C00D5CA79 /* TrainingViewController.xib */ = {isa = PBXFileReference; lastKnownFileType = file.xib; path = TrainingViewController.xib; sourceTree = "<group>"; };
		2D88F1242995308800D5CA79 /* NutritionViewController.swift */ = {isa = PBXFileReference; lastKnownFileType = sourcecode.swift; path = NutritionViewController.swift; sourceTree = "<group>"; };
		2D88F1252995308800D5CA79 /* NutritionViewController.xib */ = {isa = PBXFileReference; lastKnownFileType = file.xib; path = NutritionViewController.xib; sourceTree = "<group>"; };
		2D88F129299530A800D5CA79 /* FavoritesViewController.swift */ = {isa = PBXFileReference; lastKnownFileType = sourcecode.swift; path = FavoritesViewController.swift; sourceTree = "<group>"; };
		2D88F12A299530A800D5CA79 /* FavoritesViewController.xib */ = {isa = PBXFileReference; lastKnownFileType = file.xib; path = FavoritesViewController.xib; sourceTree = "<group>"; };
		2D88F12D2995326C00D5CA79 /* fr */ = {isa = PBXFileReference; lastKnownFileType = text.plist.strings; name = fr; path = fr.lproj/LaunchScreen.strings; sourceTree = "<group>"; };
		2D88F1312995329600D5CA79 /* en */ = {isa = PBXFileReference; lastKnownFileType = text.plist.strings; name = en; path = en.lproj/Localizable.strings; sourceTree = "<group>"; };
		2D88F1332995329900D5CA79 /* fr */ = {isa = PBXFileReference; lastKnownFileType = text.plist.strings; name = fr; path = fr.lproj/Localizable.strings; sourceTree = "<group>"; };
		2D88F13429953A5200D5CA79 /* Utils.swift */ = {isa = PBXFileReference; lastKnownFileType = sourcecode.swift; path = Utils.swift; sourceTree = "<group>"; };
		2DEB105E296F43A0008BE20D /* ConnectAPI.app */ = {isa = PBXFileReference; explicitFileType = wrapper.application; includeInIndex = 0; path = ConnectAPI.app; sourceTree = BUILT_PRODUCTS_DIR; };
		2DEB1061296F43A0008BE20D /* AppDelegate.swift */ = {isa = PBXFileReference; lastKnownFileType = sourcecode.swift; path = AppDelegate.swift; sourceTree = "<group>"; };
		2DEB106A296F43A0008BE20D /* Assets.xcassets */ = {isa = PBXFileReference; lastKnownFileType = folder.assetcatalog; path = Assets.xcassets; sourceTree = "<group>"; };
		2DEB106D296F43A0008BE20D /* Base */ = {isa = PBXFileReference; lastKnownFileType = file.storyboard; name = Base; path = Base.lproj/LaunchScreen.storyboard; sourceTree = "<group>"; };
		2DEB106F296F43A0008BE20D /* Info.plist */ = {isa = PBXFileReference; lastKnownFileType = text.plist.xml; path = Info.plist; sourceTree = "<group>"; };
		2DEB1075296F4509008BE20D /* HomeViewController.swift */ = {isa = PBXFileReference; lastKnownFileType = sourcecode.swift; path = HomeViewController.swift; sourceTree = "<group>"; };
		2DEB1076296F4509008BE20D /* HomeViewController.xib */ = {isa = PBXFileReference; lastKnownFileType = file.xib; path = HomeViewController.xib; sourceTree = "<group>"; };
		D754E05D297C23B400E2EA58 /* SignUpViewController.swift */ = {isa = PBXFileReference; lastKnownFileType = sourcecode.swift; path = SignUpViewController.swift; sourceTree = "<group>"; };
		D754E05E297C23B400E2EA58 /* SignUpViewController.xib */ = {isa = PBXFileReference; lastKnownFileType = file.xib; path = SignUpViewController.xib; sourceTree = "<group>"; };
		D7D6B74D297C2F2300133E97 /* SignInViewController.swift */ = {isa = PBXFileReference; lastKnownFileType = sourcecode.swift; path = SignInViewController.swift; sourceTree = "<group>"; };
		D7D6B74E297C2F2300133E97 /* SignInViewController.xib */ = {isa = PBXFileReference; lastKnownFileType = file.xib; path = SignInViewController.xib; sourceTree = "<group>"; };
/* End PBXFileReference section */

/* Begin PBXFrameworksBuildPhase section */
		2DEB105B296F43A0008BE20D /* Frameworks */ = {
			isa = PBXFrameworksBuildPhase;
			buildActionMask = 2147483647;
			files = (
			);
			runOnlyForDeploymentPostprocessing = 0;
		};
/* End PBXFrameworksBuildPhase section */

/* Begin PBXGroup section */
		2D770AC929B7DF610017EE53 /* Models */ = {
			isa = PBXGroup;
			children = (
				2D770ACA29B7DF700017EE53 /* User.swift */,
				2D770ACC29B7DFE00017EE53 /* Recipe.swift */,
				2D770ACE29B7E1280017EE53 /* Ingredient.swift */,
				2D770AD029B7E1C20017EE53 /* Ingredient_detail.swift */,
				2D770AD229B7E2D30017EE53 /* Favorite.swift */,
			);
			path = Models;
			sourceTree = "<group>";
		};
		2D770AD629B7E64B0017EE53 /* Factories */ = {
			isa = PBXGroup;
			children = (
				2D770AD829B7E6900017EE53 /* UserFactory.swift */,
				2D770ADA29B7E8630017EE53 /* RecipeFactory.swift */,
				2D770ADC29B7E9340017EE53 /* IngredientFactory.swift */,
				2D770ADE29B7EBB70017EE53 /* Ingredient_detailFactory.swift */,
				2D770AE029B7EBC60017EE53 /* FavoriteFactory.swift */,
			);
			path = Factories;
			sourceTree = "<group>";
		};
		2D770AD729B7E6590017EE53 /* Webservices */ = {
			isa = PBXGroup;
			children = (
			);
			path = Webservices;
			sourceTree = "<group>";
		};
		2D88F11829952BE100D5CA79 /* MainPages */ = {
			isa = PBXGroup;
			children = (
				2D88F1282995309800D5CA79 /* Favorites */,
				2D88F1232995306900D5CA79 /* Nutrition */,
				2D88F11E29952D2000D5CA79 /* Training */,
				2D88F11D29952D1500D5CA79 /* Homepage */,
			);
			path = MainPages;
			sourceTree = "<group>";
		};
		2D88F11D29952D1500D5CA79 /* Homepage */ = {
			isa = PBXGroup;
			children = (
				2D88F11929952C0000D5CA79 /* HomepageViewController.swift */,
				2D88F11A29952C0000D5CA79 /* HomepageViewController.xib */,
			);
			path = Homepage;
			sourceTree = "<group>";
		};
		2D88F11E29952D2000D5CA79 /* Training */ = {
			isa = PBXGroup;
			children = (
				2D88F11F29952D3C00D5CA79 /* TrainingViewController.swift */,
				2D88F12029952D3C00D5CA79 /* TrainingViewController.xib */,
			);
			path = Training;
			sourceTree = "<group>";
		};
		2D88F1232995306900D5CA79 /* Nutrition */ = {
			isa = PBXGroup;
			children = (
				2D88F1242995308800D5CA79 /* NutritionViewController.swift */,
				2D88F1252995308800D5CA79 /* NutritionViewController.xib */,
			);
			path = Nutrition;
			sourceTree = "<group>";
		};
		2D88F1282995309800D5CA79 /* Favorites */ = {
			isa = PBXGroup;
			children = (
				2D88F129299530A800D5CA79 /* FavoritesViewController.swift */,
				2D88F12A299530A800D5CA79 /* FavoritesViewController.xib */,
			);
			path = Favorites;
			sourceTree = "<group>";
		};
		2DEB1055296F43A0008BE20D = {
			isa = PBXGroup;
			children = (
				2DEB1060296F43A0008BE20D /* ConnectAPI */,
				2DEB105F296F43A0008BE20D /* Products */,
			);
			sourceTree = "<group>";
		};
		2DEB105F296F43A0008BE20D /* Products */ = {
			isa = PBXGroup;
			children = (
				2DEB105E296F43A0008BE20D /* ConnectAPI.app */,
			);
			name = Products;
			sourceTree = "<group>";
		};
		2DEB1060296F43A0008BE20D /* ConnectAPI */ = {
			isa = PBXGroup;
			children = (
				2D770AD729B7E6590017EE53 /* Webservices */,
				2D770AD629B7E64B0017EE53 /* Factories */,
				2D770AC929B7DF610017EE53 /* Models */,
				2D88F11829952BE100D5CA79 /* MainPages */,
				D7D6B74C297C2F0A00133E97 /* Sign In */,
				D754E05C297C239100E2EA58 /* Sign Up */,
				D754E05B297C237A00E2EA58 /* Home */,
				2DEB1061296F43A0008BE20D /* AppDelegate.swift */,
				2D88F1322995329600D5CA79 /* Localizable.strings */,
				2DEB106C296F43A0008BE20D /* LaunchScreen.storyboard */,
				2DEB106A296F43A0008BE20D /* Assets.xcassets */,
				2DEB106F296F43A0008BE20D /* Info.plist */,
				2D88F13429953A5200D5CA79 /* Utils.swift */,
			);
			path = ConnectAPI;
			sourceTree = "<group>";
		};
		D754E05B297C237A00E2EA58 /* Home */ = {
			isa = PBXGroup;
			children = (
				2DEB1075296F4509008BE20D /* HomeViewController.swift */,
				2DEB1076296F4509008BE20D /* HomeViewController.xib */,
			);
			path = Home;
			sourceTree = "<group>";
		};
		D754E05C297C239100E2EA58 /* Sign Up */ = {
			isa = PBXGroup;
			children = (
				D754E05D297C23B400E2EA58 /* SignUpViewController.swift */,
				D754E05E297C23B400E2EA58 /* SignUpViewController.xib */,
			);
			path = "Sign Up";
			sourceTree = "<group>";
		};
		D7D6B74C297C2F0A00133E97 /* Sign In */ = {
			isa = PBXGroup;
			children = (
				D7D6B74D297C2F2300133E97 /* SignInViewController.swift */,
				D7D6B74E297C2F2300133E97 /* SignInViewController.xib */,
			);
			path = "Sign In";
			sourceTree = "<group>";
		};
/* End PBXGroup section */

/* Begin PBXNativeTarget section */
		2DEB105D296F43A0008BE20D /* ConnectAPI */ = {
			isa = PBXNativeTarget;
			buildConfigurationList = 2DEB1072296F43A0008BE20D /* Build configuration list for PBXNativeTarget "ConnectAPI" */;
			buildPhases = (
				2DEB105A296F43A0008BE20D /* Sources */,
				2DEB105B296F43A0008BE20D /* Frameworks */,
				2DEB105C296F43A0008BE20D /* Resources */,
			);
			buildRules = (
			);
			dependencies = (
			);
			name = ConnectAPI;
			productName = ConnectAPI;
			productReference = 2DEB105E296F43A0008BE20D /* ConnectAPI.app */;
			productType = "com.apple.product-type.application";
		};
/* End PBXNativeTarget section */

/* Begin PBXProject section */
		2DEB1056296F43A0008BE20D /* Project object */ = {
			isa = PBXProject;
			attributes = {
				BuildIndependentTargetsInParallel = 1;
				LastSwiftUpdateCheck = 1410;
				LastUpgradeCheck = 1410;
				TargetAttributes = {
					2DEB105D296F43A0008BE20D = {
						CreatedOnToolsVersion = 14.1;
					};
				};
			};
			buildConfigurationList = 2DEB1059296F43A0008BE20D /* Build configuration list for PBXProject "ConnectAPI" */;
			compatibilityVersion = "Xcode 14.0";
			developmentRegion = en;
			hasScannedForEncodings = 0;
			knownRegions = (
				en,
				Base,
				fr,
			);
			mainGroup = 2DEB1055296F43A0008BE20D;
			productRefGroup = 2DEB105F296F43A0008BE20D /* Products */;
			projectDirPath = "";
			projectRoot = "";
			targets = (
				2DEB105D296F43A0008BE20D /* ConnectAPI */,
			);
		};
/* End PBXProject section */

/* Begin PBXResourcesBuildPhase section */
		2DEB105C296F43A0008BE20D /* Resources */ = {
			isa = PBXResourcesBuildPhase;
			buildActionMask = 2147483647;
			files = (
				D7D6B750297C2F2300133E97 /* SignInViewController.xib in Resources */,
				2D88F12229952D3C00D5CA79 /* TrainingViewController.xib in Resources */,
				2DEB106E296F43A0008BE20D /* LaunchScreen.storyboard in Resources */,
				2DEB106B296F43A0008BE20D /* Assets.xcassets in Resources */,
				2D88F12C299530A800D5CA79 /* FavoritesViewController.xib in Resources */,
				2D88F1302995329600D5CA79 /* Localizable.strings in Resources */,
				D754E060297C23B400E2EA58 /* SignUpViewController.xib in Resources */,
				2D88F11C29952C0000D5CA79 /* HomepageViewController.xib in Resources */,
				2DEB1078296F4509008BE20D /* HomeViewController.xib in Resources */,
				2D88F1272995308800D5CA79 /* NutritionViewController.xib in Resources */,
			);
			runOnlyForDeploymentPostprocessing = 0;
		};
/* End PBXResourcesBuildPhase section */

/* Begin PBXSourcesBuildPhase section */
		2DEB105A296F43A0008BE20D /* Sources */ = {
			isa = PBXSourcesBuildPhase;
			buildActionMask = 2147483647;
			files = (
				2D88F1262995308800D5CA79 /* NutritionViewController.swift in Sources */,
				2D770AD329B7E2D30017EE53 /* Favorite.swift in Sources */,
				2D770AD129B7E1C20017EE53 /* Ingredient_detail.swift in Sources */,
				2D88F12129952D3C00D5CA79 /* TrainingViewController.swift in Sources */,
				2D770ADD29B7E9340017EE53 /* IngredientFactory.swift in Sources */,
				2D88F13529953A5200D5CA79 /* Utils.swift in Sources */,
				2D88F12B299530A800D5CA79 /* FavoritesViewController.swift in Sources */,
				D7D6B74F297C2F2300133E97 /* SignInViewController.swift in Sources */,
				D754E05F297C23B400E2EA58 /* SignUpViewController.swift in Sources */,
				2DEB1062296F43A0008BE20D /* AppDelegate.swift in Sources */,
				2D770AE129B7EBC60017EE53 /* FavoriteFactory.swift in Sources */,
				2DEB1077296F4509008BE20D /* HomeViewController.swift in Sources */,
				2D770ACF29B7E1280017EE53 /* Ingredient.swift in Sources */,
				2D770ACB29B7DF700017EE53 /* User.swift in Sources */,
				2D88F11B29952C0000D5CA79 /* HomepageViewController.swift in Sources */,
				2D770ADF29B7EBB70017EE53 /* Ingredient_detailFactory.swift in Sources */,
				2D770AD929B7E6900017EE53 /* UserFactory.swift in Sources */,
				2D770ADB29B7E8630017EE53 /* RecipeFactory.swift in Sources */,
				2D770ACD29B7DFE00017EE53 /* Recipe.swift in Sources */,
			);
			runOnlyForDeploymentPostprocessing = 0;
		};
/* End PBXSourcesBuildPhase section */

/* Begin PBXVariantGroup section */
		2D88F1322995329600D5CA79 /* Localizable.strings */ = {
			isa = PBXVariantGroup;
			children = (
				2D88F1312995329600D5CA79 /* en */,
				2D88F1332995329900D5CA79 /* fr */,
			);
			name = Localizable.strings;
			sourceTree = "<group>";
		};
		2DEB106C296F43A0008BE20D /* LaunchScreen.storyboard */ = {
			isa = PBXVariantGroup;
			children = (
				2DEB106D296F43A0008BE20D /* Base */,
				2D88F12D2995326C00D5CA79 /* fr */,
			);
			name = LaunchScreen.storyboard;
			sourceTree = "<group>";
		};
/* End PBXVariantGroup section */

/* Begin XCBuildConfiguration section */
		2DEB1070296F43A0008BE20D /* Debug */ = {
			isa = XCBuildConfiguration;
			buildSettings = {
				ALWAYS_SEARCH_USER_PATHS = NO;
				CLANG_ANALYZER_LOCALIZABILITY_NONLOCALIZED = YES;
				CLANG_ANALYZER_NONNULL = YES;
				CLANG_ANALYZER_NUMBER_OBJECT_CONVERSION = YES_AGGRESSIVE;
				CLANG_CXX_LANGUAGE_STANDARD = "gnu++20";
				CLANG_ENABLE_MODULES = YES;
				CLANG_ENABLE_OBJC_ARC = YES;
				CLANG_ENABLE_OBJC_WEAK = YES;
				CLANG_WARN_BLOCK_CAPTURE_AUTORELEASING = YES;
				CLANG_WARN_BOOL_CONVERSION = YES;
				CLANG_WARN_COMMA = YES;
				CLANG_WARN_CONSTANT_CONVERSION = YES;
				CLANG_WARN_DEPRECATED_OBJC_IMPLEMENTATIONS = YES;
				CLANG_WARN_DIRECT_OBJC_ISA_USAGE = YES_ERROR;
				CLANG_WARN_DOCUMENTATION_COMMENTS = YES;
				CLANG_WARN_EMPTY_BODY = YES;
				CLANG_WARN_ENUM_CONVERSION = YES;
				CLANG_WARN_INFINITE_RECURSION = YES;
				CLANG_WARN_INT_CONVERSION = YES;
				CLANG_WARN_NON_LITERAL_NULL_CONVERSION = YES;
				CLANG_WARN_OBJC_IMPLICIT_RETAIN_SELF = YES;
				CLANG_WARN_OBJC_LITERAL_CONVERSION = YES;
				CLANG_WARN_OBJC_ROOT_CLASS = YES_ERROR;
				CLANG_WARN_QUOTED_INCLUDE_IN_FRAMEWORK_HEADER = YES;
				CLANG_WARN_RANGE_LOOP_ANALYSIS = YES;
				CLANG_WARN_STRICT_PROTOTYPES = YES;
				CLANG_WARN_SUSPICIOUS_MOVE = YES;
				CLANG_WARN_UNGUARDED_AVAILABILITY = YES_AGGRESSIVE;
				CLANG_WARN_UNREACHABLE_CODE = YES;
				CLANG_WARN__DUPLICATE_METHOD_MATCH = YES;
				COPY_PHASE_STRIP = NO;
				DEBUG_INFORMATION_FORMAT = dwarf;
				ENABLE_STRICT_OBJC_MSGSEND = YES;
				ENABLE_TESTABILITY = YES;
				GCC_C_LANGUAGE_STANDARD = gnu11;
				GCC_DYNAMIC_NO_PIC = NO;
				GCC_NO_COMMON_BLOCKS = YES;
				GCC_OPTIMIZATION_LEVEL = 0;
				GCC_PREPROCESSOR_DEFINITIONS = (
					"DEBUG=1",
					"$(inherited)",
				);
				GCC_WARN_64_TO_32_BIT_CONVERSION = YES;
				GCC_WARN_ABOUT_RETURN_TYPE = YES_ERROR;
				GCC_WARN_UNDECLARED_SELECTOR = YES;
				GCC_WARN_UNINITIALIZED_AUTOS = YES_AGGRESSIVE;
				GCC_WARN_UNUSED_FUNCTION = YES;
				GCC_WARN_UNUSED_VARIABLE = YES;
				IPHONEOS_DEPLOYMENT_TARGET = 16.1;
				MTL_ENABLE_DEBUG_INFO = INCLUDE_SOURCE;
				MTL_FAST_MATH = YES;
				ONLY_ACTIVE_ARCH = YES;
				SDKROOT = iphoneos;
				SWIFT_ACTIVE_COMPILATION_CONDITIONS = DEBUG;
				SWIFT_OPTIMIZATION_LEVEL = "-Onone";
			};
			name = Debug;
		};
		2DEB1071296F43A0008BE20D /* Release */ = {
			isa = XCBuildConfiguration;
			buildSettings = {
				ALWAYS_SEARCH_USER_PATHS = NO;
				CLANG_ANALYZER_LOCALIZABILITY_NONLOCALIZED = YES;
				CLANG_ANALYZER_NONNULL = YES;
				CLANG_ANALYZER_NUMBER_OBJECT_CONVERSION = YES_AGGRESSIVE;
				CLANG_CXX_LANGUAGE_STANDARD = "gnu++20";
				CLANG_ENABLE_MODULES = YES;
				CLANG_ENABLE_OBJC_ARC = YES;
				CLANG_ENABLE_OBJC_WEAK = YES;
				CLANG_WARN_BLOCK_CAPTURE_AUTORELEASING = YES;
				CLANG_WARN_BOOL_CONVERSION = YES;
				CLANG_WARN_COMMA = YES;
				CLANG_WARN_CONSTANT_CONVERSION = YES;
				CLANG_WARN_DEPRECATED_OBJC_IMPLEMENTATIONS = YES;
				CLANG_WARN_DIRECT_OBJC_ISA_USAGE = YES_ERROR;
				CLANG_WARN_DOCUMENTATION_COMMENTS = YES;
				CLANG_WARN_EMPTY_BODY = YES;
				CLANG_WARN_ENUM_CONVERSION = YES;
				CLANG_WARN_INFINITE_RECURSION = YES;
				CLANG_WARN_INT_CONVERSION = YES;
				CLANG_WARN_NON_LITERAL_NULL_CONVERSION = YES;
				CLANG_WARN_OBJC_IMPLICIT_RETAIN_SELF = YES;
				CLANG_WARN_OBJC_LITERAL_CONVERSION = YES;
				CLANG_WARN_OBJC_ROOT_CLASS = YES_ERROR;
				CLANG_WARN_QUOTED_INCLUDE_IN_FRAMEWORK_HEADER = YES;
				CLANG_WARN_RANGE_LOOP_ANALYSIS = YES;
				CLANG_WARN_STRICT_PROTOTYPES = YES;
				CLANG_WARN_SUSPICIOUS_MOVE = YES;
				CLANG_WARN_UNGUARDED_AVAILABILITY = YES_AGGRESSIVE;
				CLANG_WARN_UNREACHABLE_CODE = YES;
				CLANG_WARN__DUPLICATE_METHOD_MATCH = YES;
				COPY_PHASE_STRIP = NO;
				DEBUG_INFORMATION_FORMAT = "dwarf-with-dsym";
				ENABLE_NS_ASSERTIONS = NO;
				ENABLE_STRICT_OBJC_MSGSEND = YES;
				GCC_C_LANGUAGE_STANDARD = gnu11;
				GCC_NO_COMMON_BLOCKS = YES;
				GCC_WARN_64_TO_32_BIT_CONVERSION = YES;
				GCC_WARN_ABOUT_RETURN_TYPE = YES_ERROR;
				GCC_WARN_UNDECLARED_SELECTOR = YES;
				GCC_WARN_UNINITIALIZED_AUTOS = YES_AGGRESSIVE;
				GCC_WARN_UNUSED_FUNCTION = YES;
				GCC_WARN_UNUSED_VARIABLE = YES;
				IPHONEOS_DEPLOYMENT_TARGET = 16.1;
				MTL_ENABLE_DEBUG_INFO = NO;
				MTL_FAST_MATH = YES;
				SDKROOT = iphoneos;
				SWIFT_COMPILATION_MODE = wholemodule;
				SWIFT_OPTIMIZATION_LEVEL = "-O";
				VALIDATE_PRODUCT = YES;
			};
			name = Release;
		};
		2DEB1073296F43A0008BE20D /* Debug */ = {
			isa = XCBuildConfiguration;
			buildSettings = {
				ASSETCATALOG_COMPILER_APPICON_NAME = AppIcon;
				ASSETCATALOG_COMPILER_GLOBAL_ACCENT_COLOR_NAME = AccentColor;
				CODE_SIGN_STYLE = Automatic;
				CURRENT_PROJECT_VERSION = 1;
				GENERATE_INFOPLIST_FILE = YES;
				INFOPLIST_FILE = ConnectAPI/Info.plist;
				INFOPLIST_KEY_UIApplicationSupportsIndirectInputEvents = YES;
				INFOPLIST_KEY_UILaunchStoryboardName = LaunchScreen;
				INFOPLIST_KEY_UISupportedInterfaceOrientations_iPad = "UIInterfaceOrientationPortrait UIInterfaceOrientationPortraitUpsideDown UIInterfaceOrientationLandscapeLeft UIInterfaceOrientationLandscapeRight";
				INFOPLIST_KEY_UISupportedInterfaceOrientations_iPhone = "UIInterfaceOrientationPortrait UIInterfaceOrientationLandscapeLeft UIInterfaceOrientationLandscapeRight";
				IPHONEOS_DEPLOYMENT_TARGET = 11.0;
				LD_RUNPATH_SEARCH_PATHS = (
					"$(inherited)",
					"@executable_path/Frameworks",
				);
				MARKETING_VERSION = 1.0;
				PRODUCT_BUNDLE_IDENTIFIER = com.esgi.ConnectAPI;
				PRODUCT_NAME = "$(TARGET_NAME)";
				SWIFT_EMIT_LOC_STRINGS = YES;
				SWIFT_VERSION = 5.0;
				TARGETED_DEVICE_FAMILY = "1,2";
			};
			name = Debug;
		};
		2DEB1074296F43A0008BE20D /* Release */ = {
			isa = XCBuildConfiguration;
			buildSettings = {
				ASSETCATALOG_COMPILER_APPICON_NAME = AppIcon;
				ASSETCATALOG_COMPILER_GLOBAL_ACCENT_COLOR_NAME = AccentColor;
				CODE_SIGN_STYLE = Automatic;
				CURRENT_PROJECT_VERSION = 1;
				GENERATE_INFOPLIST_FILE = YES;
				INFOPLIST_FILE = ConnectAPI/Info.plist;
				INFOPLIST_KEY_UIApplicationSupportsIndirectInputEvents = YES;
				INFOPLIST_KEY_UILaunchStoryboardName = LaunchScreen;
				INFOPLIST_KEY_UISupportedInterfaceOrientations_iPad = "UIInterfaceOrientationPortrait UIInterfaceOrientationPortraitUpsideDown UIInterfaceOrientationLandscapeLeft UIInterfaceOrientationLandscapeRight";
				INFOPLIST_KEY_UISupportedInterfaceOrientations_iPhone = "UIInterfaceOrientationPortrait UIInterfaceOrientationLandscapeLeft UIInterfaceOrientationLandscapeRight";
				IPHONEOS_DEPLOYMENT_TARGET = 11.0;
				LD_RUNPATH_SEARCH_PATHS = (
					"$(inherited)",
					"@executable_path/Frameworks",
				);
				MARKETING_VERSION = 1.0;
				PRODUCT_BUNDLE_IDENTIFIER = com.esgi.ConnectAPI;
				PRODUCT_NAME = "$(TARGET_NAME)";
				SWIFT_EMIT_LOC_STRINGS = YES;
				SWIFT_VERSION = 5.0;
				TARGETED_DEVICE_FAMILY = "1,2";
			};
			name = Release;
		};
/* End XCBuildConfiguration section */

/* Begin XCConfigurationList section */
		2DEB1059296F43A0008BE20D /* Build configuration list for PBXProject "ConnectAPI" */ = {
			isa = XCConfigurationList;
			buildConfigurations = (
				2DEB1070296F43A0008BE20D /* Debug */,
				2DEB1071296F43A0008BE20D /* Release */,
			);
			defaultConfigurationIsVisible = 0;
			defaultConfigurationName = Release;
		};
		2DEB1072296F43A0008BE20D /* Build configuration list for PBXNativeTarget "ConnectAPI" */ = {
			isa = XCConfigurationList;
			buildConfigurations = (
				2DEB1073296F43A0008BE20D /* Debug */,
				2DEB1074296F43A0008BE20D /* Release */,
			);
			defaultConfigurationIsVisible = 0;
			defaultConfigurationName = Release;
		};
/* End XCConfigurationList section */
	};
	rootObject = 2DEB1056296F43A0008BE20D /* Project object */;
}
